// !$*UTF8*$!
{
	archiveVersion = 1;
	classes = {
	};
	objectVersion = 46;
	objects = {

/* Begin PBXBuildFile section */
		06D5A6451BE34AA900EBE72D /* AppDelegate.swift in Sources */ = {isa = PBXBuildFile; fileRef = 06D5A6441BE34AA900EBE72D /* AppDelegate.swift */; };
		06D5A6471BE34AA900EBE72D /* ViewController.swift in Sources */ = {isa = PBXBuildFile; fileRef = 06D5A6461BE34AA900EBE72D /* ViewController.swift */; };
		06D5A64A1BE34AA900EBE72D /* Main.storyboard in Resources */ = {isa = PBXBuildFile; fileRef = 06D5A6481BE34AA900EBE72D /* Main.storyboard */; };
		06D5A64C1BE34AA900EBE72D /* Assets.xcassets in Resources */ = {isa = PBXBuildFile; fileRef = 06D5A64B1BE34AA900EBE72D /* Assets.xcassets */; };
		06D5A64F1BE34AA900EBE72D /* LaunchScreen.storyboard in Resources */ = {isa = PBXBuildFile; fileRef = 06D5A64D1BE34AA900EBE72D /* LaunchScreen.storyboard */; };
/* End PBXBuildFile section */

/* Begin PBXFileReference section */
		06D5A6411BE34AA900EBE72D /* sample06-01.app */ = {isa = PBXFileReference; explicitFileType = wrapper.application; includeInIndex = 0; path = "sample06-01.app"; sourceTree = BUILT_PRODUCTS_DIR; };
		06D5A6441BE34AA900EBE72D /* AppDelegate.swift */ = {isa = PBXFileReference; lastKnownFileType = sourcecode.swift; path = AppDelegate.swift; sourceTree = "<group>"; };
		06D5A6461BE34AA900EBE72D /* ViewController.swift */ = {isa = PBXFileReference; lastKnownFileType = sourcecode.swift; path = ViewController.swift; sourceTree = "<group>"; };
		06D5A6491BE34AA900EBE72D /* Base */ = {isa = PBXFileReference; lastKnownFileType = file.storyboard; name = Base; path = Base.lproj/Main.storyboard; sourceTree = "<group>"; };
		06D5A64B1BE34AA900EBE72D /* Assets.xcassets */ = {isa = PBXFileReference; lastKnownFileType = folder.assetcatalog; path = Assets.xcassets; sourceTree = "<group>"; };
		06D5A64E1BE34AA900EBE72D /* Base */ = {isa = PBXFileReference; lastKnownFileType = file.storyboard; name = Base; path = Base.lproj/LaunchScreen.storyboard; sourceTree = "<group>"; };
		06D5A6501BE34AA900EBE72D /* Info.plist */ = {isa = PBXFileReference; lastKnownFileType = text.plist.xml; path = Info.plist; sourceTree = "<group>"; };
/* End PBXFileReference section */

/* Begin PBXFrameworksBuildPhase section */
		06D5A63E1BE34AA900EBE72D /* Frameworks */ = {
			isa = PBXFrameworksBuildPhase;
			buildActionMask = 2147483647;
			files = (
			);
			runOnlyForDeploymentPostprocessing = 0;
		};
/* End PBXFrameworksBuildPhase section */

/* Begin PBXGroup section */
		06D5A6381BE34AA900EBE72D = {
			isa = PBXGroup;
			children = (
				06D5A6431BE34AA900EBE72D /* sample06-01 */,
				06D5A6421BE34AA900EBE72D /* Products */,
			);
			sourceTree = "<group>";
		};
		06D5A6421BE34AA900EBE72D /* Products */ = {
			isa = PBXGroup;
			children = (
				06D5A6411BE34AA900EBE72D /* sample06-01.app */,
			);
			name = Products;
			sourceTree = "<group>";
		};
		06D5A6431BE34AA900EBE72D /* sample06-01 */ = {
			isa = PBXGroup;
			children = (
				06D5A6441BE34AA900EBE72D /* AppDelegate.swift */,
				06D5A6461BE34AA900EBE72D /* ViewController.swift */,
				06D5A6481BE34AA900EBE72D /* Main.storyboard */,
				06D5A64B1BE34AA900EBE72D /* Assets.xcassets */,
				06D5A64D1BE34AA900EBE72D /* LaunchScreen.storyboard */,
				06D5A6501BE34AA900EBE72D /* Info.plist */,
			);
			path = "sample06-01";
			sourceTree = "<group>";
		};
/* End PBXGroup section */

/* Begin PBXNativeTarget section */
		06D5A6401BE34AA900EBE72D /* sample06-01 */ = {
			isa = PBXNativeTarget;
			buildConfigurationList = 06D5A6531BE34AA900EBE72D /* Build configuration list for PBXNativeTarget "sample06-01" */;
			buildPhases = (
				06D5A63D1BE34AA900EBE72D /* Sources */,
				06D5A63E1BE34AA900EBE72D /* Frameworks */,
				06D5A63F1BE34AA900EBE72D /* Resources */,
			);
			buildRules = (
			);
			dependencies = (
			);
			name = "sample06-01";
			productName = "sample06-01";
			productReference = 06D5A6411BE34AA900EBE72D /* sample06-01.app */;
			productType = "com.apple.product-type.application";
		};
/* End PBXNativeTarget section */

/* Begin PBXProject section */
		06D5A6391BE34AA900EBE72D /* Project object */ = {
			isa = PBXProject;
			attributes = {
				LastSwiftUpdateCheck = 0710;
				LastUpgradeCheck = 0710;
				ORGANIZATIONNAME = "norimitsu kawai";
				TargetAttributes = {
					06D5A6401BE34AA900EBE72D = {
						CreatedOnToolsVersion = 7.1;
					};
				};
			};
			buildConfigurationList = 06D5A63C1BE34AA900EBE72D /* Build configuration list for PBXProject "sample06-01" */;
			compatibilityVersion = "Xcode 3.2";
			developmentRegion = English;
			hasScannedForEncodings = 0;
			knownRegions = (
				en,
				Base,
			);
			mainGroup = 06D5A6381BE34AA900EBE72D;
			productRefGroup = 06D5A6421BE34AA900EBE72D /* Products */;
			projectDirPath = "";
			projectRoot = "";
			targets = (
				06D5A6401BE34AA900EBE72D /* sample06-01 */,
			);
		};
/* End PBXProject section */

/* Begin PBXResourcesBuildPhase section */
		06D5A63F1BE34AA900EBE72D /* Resources */ = {
			isa = PBXResourcesBuildPhase;
			buildActionMask = 2147483647;
			files = (
				06D5A64F1BE34AA900EBE72D /* LaunchScreen.storyboard in Resources */,
				06D5A64C1BE34AA900EBE72D /* Assets.xcassets in Resources */,
				06D5A64A1BE34AA900EBE72D /* Main.storyboard in Resources */,
			);
			runOnlyForDeploymentPostprocessing = 0;
		};
/* End PBXResourcesBuildPhase section */

/* Begin PBXSourcesBuildPhase section */
		06D5A63D1BE34AA900EBE72D /* Sources */ = {
			isa = PBXSourcesBuildPhase;
			buildActionMask = 2147483647;
			files = (
				06D5A6471BE34AA900EBE72D /* ViewController.swift in Sources */,
				06D5A6451BE34AA900EBE72D /* AppDelegate.swift in Sources */,
			);
			runOnlyForDeploymentPostprocessing = 0;
		};
/* End PBXSourcesBuildPhase section */

/* Begin PBXVariantGroup section */
		06D5A6481BE34AA900EBE72D /* Main.storyboard */ = {
			isa = PBXVariantGroup;
			children = (
				06D5A6491BE34AA900EBE72D /* Base */,
			);
			name = Main.storyboard;
			sourceTree = "<group>";
		};
		06D5A64D1BE34AA900EBE72D /* LaunchScreen.storyboard */ = {
			isa = PBXVariantGroup;
			children = (
				06D5A64E1BE34AA900EBE72D /* Base */,
			);
			name = LaunchScreen.storyboard;
			sourceTree = "<group>";
		};
/* End PBXVariantGroup section */

/* Begin XCBuildConfiguration section */
		06D5A6511BE34AA900EBE72D /* Debug */ = {
			isa = XCBuildConfiguration;
			buildSettings = {
				ALWAYS_SEARCH_USER_PATHS = NO;
				CLANG_CXX_LANGUAGE_STANDARD = "gnu++0x";
				CLANG_CXX_LIBRARY = "libc++";
				CLANG_ENABLE_MODULES = YES;
				CLANG_ENABLE_OBJC_ARC = YES;
				CLANG_WARN_BOOL_CONVERSION = YES;
				CLANG_WARN_CONSTANT_CONVERSION = YES;
				CLANG_WARN_DIRECT_OBJC_ISA_USAGE = YES_ERROR;
				CLANG_WARN_EMPTY_BODY = YES;
				CLANG_WARN_ENUM_CONVERSION = YES;
				CLANG_WARN_INT_CONVERSION = YES;
				CLANG_WARN_OBJC_ROOT_CLASS = YES_ERROR;
				CLANG_WARN_UNREACHABLE_CODE = YES;
				CLANG_WARN__DUPLICATE_METHOD_MATCH = YES;
				"CODE_SIGN_IDENTITY[sdk=iphoneos*]" = "iPhone Developer";
				COPY_PHASE_STRIP = NO;
				DEBUG_INFORMATION_FORMAT = dwarf;
				ENABLE_STRICT_OBJC_MSGSEND = YES;
				ENABLE_TESTABILITY = YES;
				GCC_C_LANGUAGE_STANDARD = gnu99;
				GCC_DYNAMIC_NO_PIC = NO;
				GCC_NO_COMMON_BLOCKS = YES;
				GCC_OPTIMIZATION_LEVEL = 0;
				GCC_PREPROCESSOR_DEFINITIONS = (
					"DEBUG=1",
					"$(inherited)",
				);
				GCC_WARN_64_TO_32_BIT_CONVERSION = YES;
				GCC_WARN_ABOUT_RETURN_TYPE = YES_ERROR;
				GCC_WARN_UNDECLARED_SELECTOR = YES;
				GCC_WARN_UNINITIALIZED_AUTOS = YES_AGGRESSIVE;
				GCC_WARN_UNUSED_FUNCTION = YES;
				GCC_WARN_UNUSED_VARIABLE = YES;
				IPHONEOS_DEPLOYMENT_TARGET = 9.1;
				MTL_ENABLE_DEBUG_INFO = YES;
				ONLY_ACTIVE_ARCH = YES;
				SDKROOT = iphoneos;
				SWIFT_OPTIMIZATION_LEVEL = "-Onone";
			};
			name = Debug;
		};
		06D5A6521BE34AA900EBE72D /* Release */ = {
			isa = XCBuildConfiguration;
			buildSettings = {
				ALWAYS_SEARCH_USER_PATHS = NO;
				CLANG_CXX_LANGUAGE_STANDARD = "gnu++0x";
				CLANG_CXX_LIBRARY = "libc++";
				CLANG_ENABLE_MODULES = YES;
				CLANG_ENABLE_OBJC_ARC = YES;
				CLANG_WARN_BOOL_CONVERSION = YES;
				CLANG_WARN_CONSTANT_CONVERSION = YES;
				CLANG_WARN_DIRECT_OBJC_ISA_USAGE = YES_ERROR;
				CLANG_WARN_EMPTY_BODY = YES;
				CLANG_WARN_ENUM_CONVERSION = YES;
				CLANG_WARN_INT_CONVERSION = YES;
				CLANG_WARN_OBJC_ROOT_CLASS = YES_ERROR;
				CLANG_WARN_UNREACHABLE_CODE = YES;
				CLANG_WARN__DUPLICATE_METHOD_MATCH = YES;
				"CODE_SIGN_IDENTITY[sdk=iphoneos*]" = "iPhone Developer";
				COPY_PHASE_STRIP = NO;
				DEBUG_INFORMATION_FORMAT = "dwarf-with-dsym";
				ENABLE_NS_ASSERTIONS = NO;
				ENABLE_STRICT_OBJC_MSGSEND = YES;
				GCC_C_LANGUAGE_STANDARD = gnu99;
				GCC_NO_COMMON_BLOCKS = YES;
				GCC_WARN_64_TO_32_BIT_CONVERSION = YES;
				GCC_WARN_ABOUT_RETURN_TYPE = YES_ERROR;
				GCC_WARN_UNDECLARED_SELECTOR = YES;
				GCC_WARN_UNINITIALIZED_AUTOS = YES_AGGRESSIVE;
				GCC_WARN_UNUSED_FUNCTION = YES;
				GCC_WARN_UNUSED_VARIABLE = YES;
				IPHONEOS_DEPLOYMENT_TARGET = 9.1;
				MTL_ENABLE_DEBUG_INFO = NO;
				SDKROOT = iphoneos;
				VALIDATE_PRODUCT = YES;
			};
			name = Release;
		};
		06D5A6541BE34AA900EBE72D /* Debug */ = {
			isa = XCBuildConfiguration;
			buildSettings = {
				ASSETCATALOG_COMPILER_APPICON_NAME = AppIcon;
				INFOPLIST_FILE = "sample06-01/Info.plist";
				IPHONEOS_DEPLOYMENT_TARGET = 9.0;
				LD_RUNPATH_SEARCH_PATHS = "$(inherited) @executable_path/Frameworks";
				PRODUCT_BUNDLE_IDENTIFIER = "com.kawaidesu.sample06-01";
				PRODUCT_NAME = "$(TARGET_NAME)";
			};
			name = Debug;
		};
		06D5A6551BE34AA900EBE72D /* Release */ = {
			isa = XCBuildConfiguration;
			buildSettings = {
				ASSETCATALOG_COMPILER_APPICON_NAME = AppIcon;
				INFOPLIST_FILE = "sample06-01/Info.plist";
				IPHONEOS_DEPLOYMENT_TARGET = 9.0;
				LD_RUNPATH_SEARCH_PATHS = "$(inherited) @executable_path/Frameworks";
				PRODUCT_BUNDLE_IDENTIFIER = "com.kawaidesu.sample06-01";
				PRODUCT_NAME = "$(TARGET_NAME)";
			};
			name = Release;
		};
/* End XCBuildConfiguration section */

/* Begin XCConfigurationList section */
		06D5A63C1BE34AA900EBE72D /* Build configuration list for PBXProject "sample06-01" */ = {
			isa = XCConfigurationList;
			buildConfigurations = (
				06D5A6511BE34AA900EBE72D /* Debug */,
				06D5A6521BE34AA900EBE72D /* Release */,
			);
			defaultConfigurationIsVisible = 0;
			defaultConfigurationName = Release;
		};
		06D5A6531BE34AA900EBE72D /* Build configuration list for PBXNativeTarget "sample06-01" */ = {
			isa = XCConfigurationList;
			buildConfigurations = (
				06D5A6541BE34AA900EBE72D /* Debug */,
				06D5A6551BE34AA900EBE72D /* Release */,
			);
			defaultConfigurationIsVisible = 0;
		};
/* End XCConfigurationList section */
	};
	rootObject = 06D5A6391BE34AA900EBE72D /* Project object */;
}
